
Microsoft Visual Studio Solution File, Format Version 12.00
# Visual Studio Version 17
VisualStudioVersion = 17.14.36221.1 d17.14
MinimumVisualStudioVersion = 10.0.40219.1
Project("{FAE04EC0-301F-11D3-BF4B-00C04F79EFBC}") = "test1", "test1.csproj", "{59A04324-5FB6-47E9-AF6C-473428550C18}"
EndProject
Global
	GlobalSection(SolutionConfigurationPlatforms) = preSolution
		Debug|Any CPU = Debug|Any CPU
		Release|Any CPU = Release|Any CPU
	EndGlobalSection
	GlobalSection(ProjectConfigurationPlatforms) = postSolution
		{59A04324-5FB6-47E9-AF6C-473428550C18}.Debug|Any CPU.ActiveCfg = Debug|Any CPU
		{59A04324-5FB6-47E9-AF6C-473428550C18}.Debug|Any CPU.Build.0 = Debug|Any CPU
		{59A04324-5FB6-47E9-AF6C-473428550C18}.Release|Any CPU.ActiveCfg = Release|Any CPU
		{59A04324-5FB6-47E9-AF6C-473428550C18}.Release|Any CPU.Build.0 = Release|Any CPU
	EndGlobalSection
	GlobalSection(SolutionProperties) = preSolution
		HideSolutionNode = FALSE
	EndGlobalSection
	GlobalSection(ExtensibilityGlobals) = postSolution
		SolutionGuid = {DDD16B9C-2386-42F0-AA86-717E2BBCEA8A}
	EndGlobalSection
EndGlobal
